// !$*UTF8*$!
{
	archiveVersion = 1;
	classes = {
	};
	objectVersion = 51;
	objects = {

/* Begin PBXBuildFile section */
		78214982258684ED00CC8DE6 /* AppDelegate.swift in Sources */ = {isa = PBXBuildFile; fileRef = 78214981258684ED00CC8DE6 /* AppDelegate.swift */; };
		7821498B258684EF00CC8DE6 /* Assets.xcassets in Resources */ = {isa = PBXBuildFile; fileRef = 7821498A258684EF00CC8DE6 /* Assets.xcassets */; };
		7821498E258684EF00CC8DE6 /* LaunchScreen.storyboard in Resources */ = {isa = PBXBuildFile; fileRef = 7821498C258684EF00CC8DE6 /* LaunchScreen.storyboard */; };
		782149A525869E2D00CC8DE6 /* CategoriesPresenter.swift in Sources */ = {isa = PBXBuildFile; fileRef = 782149A025869E2D00CC8DE6 /* CategoriesPresenter.swift */; };
		782149A625869E2D00CC8DE6 /* CategoriesRouter.swift in Sources */ = {isa = PBXBuildFile; fileRef = 782149A125869E2D00CC8DE6 /* CategoriesRouter.swift */; };
		782149A725869E2D00CC8DE6 /* CategoriesViewController.swift in Sources */ = {isa = PBXBuildFile; fileRef = 782149A225869E2D00CC8DE6 /* CategoriesViewController.swift */; };
		782149A825869E2D00CC8DE6 /* CategoriesConfigurator.swift in Sources */ = {isa = PBXBuildFile; fileRef = 782149A325869E2D00CC8DE6 /* CategoriesConfigurator.swift */; };
		782149A925869E2D00CC8DE6 /* Categories.swift in Sources */ = {isa = PBXBuildFile; fileRef = 782149A425869E2D00CC8DE6 /* Categories.swift */; };
		782149B125869E9700CC8DE6 /* Categories.storyboard in Resources */ = {isa = PBXBuildFile; fileRef = 782149B025869E9700CC8DE6 /* Categories.storyboard */; };
		786B755C2586A8FC00C5031F /* DataProvider.swift in Sources */ = {isa = PBXBuildFile; fileRef = 786B755B2586A8FC00C5031F /* DataProvider.swift */; };
		8E557FB31082D47551BD995F /* Pods_Black_Star_Wear.framework in Frameworks */ = {isa = PBXBuildFile; fileRef = 6798E8D48639C5802225F97B /* Pods_Black_Star_Wear.framework */; };
/* End PBXBuildFile section */

/* Begin PBXFileReference section */
		6798E8D48639C5802225F97B /* Pods_Black_Star_Wear.framework */ = {isa = PBXFileReference; explicitFileType = wrapper.framework; includeInIndex = 0; path = Pods_Black_Star_Wear.framework; sourceTree = BUILT_PRODUCTS_DIR; };
		6A0B9F2F3FF4B4BDF2F87E50 /* Pods-Black Star Wear.release.xcconfig */ = {isa = PBXFileReference; includeInIndex = 1; lastKnownFileType = text.xcconfig; name = "Pods-Black Star Wear.release.xcconfig"; path = "Target Support Files/Pods-Black Star Wear/Pods-Black Star Wear.release.xcconfig"; sourceTree = "<group>"; };
		7821497E258684ED00CC8DE6 /* Black Star Wear.app */ = {isa = PBXFileReference; explicitFileType = wrapper.application; includeInIndex = 0; path = "Black Star Wear.app"; sourceTree = BUILT_PRODUCTS_DIR; };
		78214981258684ED00CC8DE6 /* AppDelegate.swift */ = {isa = PBXFileReference; lastKnownFileType = sourcecode.swift; path = AppDelegate.swift; sourceTree = "<group>"; };
		7821498A258684EF00CC8DE6 /* Assets.xcassets */ = {isa = PBXFileReference; lastKnownFileType = folder.assetcatalog; path = Assets.xcassets; sourceTree = "<group>"; };
		7821498D258684EF00CC8DE6 /* Base */ = {isa = PBXFileReference; lastKnownFileType = file.storyboard; name = Base; path = Base.lproj/LaunchScreen.storyboard; sourceTree = "<group>"; };
		7821498F258684EF00CC8DE6 /* Info.plist */ = {isa = PBXFileReference; lastKnownFileType = text.plist.xml; path = Info.plist; sourceTree = "<group>"; };
		782149A025869E2D00CC8DE6 /* CategoriesPresenter.swift */ = {isa = PBXFileReference; lastKnownFileType = sourcecode.swift; path = CategoriesPresenter.swift; sourceTree = "<group>"; };
		782149A125869E2D00CC8DE6 /* CategoriesRouter.swift */ = {isa = PBXFileReference; lastKnownFileType = sourcecode.swift; path = CategoriesRouter.swift; sourceTree = "<group>"; };
		782149A225869E2D00CC8DE6 /* CategoriesViewController.swift */ = {isa = PBXFileReference; lastKnownFileType = sourcecode.swift; path = CategoriesViewController.swift; sourceTree = "<group>"; };
		782149A325869E2D00CC8DE6 /* CategoriesConfigurator.swift */ = {isa = PBXFileReference; lastKnownFileType = sourcecode.swift; path = CategoriesConfigurator.swift; sourceTree = "<group>"; };
		782149A425869E2D00CC8DE6 /* Categories.swift */ = {isa = PBXFileReference; lastKnownFileType = sourcecode.swift; path = Categories.swift; sourceTree = "<group>"; };
		782149B025869E9700CC8DE6 /* Categories.storyboard */ = {isa = PBXFileReference; lastKnownFileType = file.storyboard; path = Categories.storyboard; sourceTree = "<group>"; };
		786B755B2586A8FC00C5031F /* DataProvider.swift */ = {isa = PBXFileReference; lastKnownFileType = sourcecode.swift; path = DataProvider.swift; sourceTree = "<group>"; };
		84BC63F168DA7516B05D08EB /* Pods-Black Star Wear.debug.xcconfig */ = {isa = PBXFileReference; includeInIndex = 1; lastKnownFileType = text.xcconfig; name = "Pods-Black Star Wear.debug.xcconfig"; path = "Target Support Files/Pods-Black Star Wear/Pods-Black Star Wear.debug.xcconfig"; sourceTree = "<group>"; };
/* End PBXFileReference section */

/* Begin PBXFrameworksBuildPhase section */
		7821497B258684EC00CC8DE6 /* Frameworks */ = {
			isa = PBXFrameworksBuildPhase;
			buildActionMask = 2147483647;
			files = (
				8E557FB31082D47551BD995F /* Pods_Black_Star_Wear.framework in Frameworks */,
			);
			runOnlyForDeploymentPostprocessing = 0;
		};
/* End PBXFrameworksBuildPhase section */

/* Begin PBXGroup section */
		5B5FC36C96938A280EB00797 /* Pods */ = {
			isa = PBXGroup;
			children = (
				84BC63F168DA7516B05D08EB /* Pods-Black Star Wear.debug.xcconfig */,
				6A0B9F2F3FF4B4BDF2F87E50 /* Pods-Black Star Wear.release.xcconfig */,
			);
			path = Pods;
			sourceTree = "<group>";
		};
		78214975258684EC00CC8DE6 = {
			isa = PBXGroup;
			children = (
				78214980258684ED00CC8DE6 /* Black Star Wear */,
				7821497F258684ED00CC8DE6 /* Products */,
				5B5FC36C96938A280EB00797 /* Pods */,
				B4B07C472242E5D2C7776D8E /* Frameworks */,
			);
			sourceTree = "<group>";
		};
		7821497F258684ED00CC8DE6 /* Products */ = {
			isa = PBXGroup;
			children = (
				7821497E258684ED00CC8DE6 /* Black Star Wear.app */,
			);
			name = Products;
			sourceTree = "<group>";
		};
		78214980258684ED00CC8DE6 /* Black Star Wear */ = {
			isa = PBXGroup;
			children = (
				7821499C2586995F00CC8DE6 /* Modules */,
				7821499B2586995400CC8DE6 /* Extensions */,
				786B755A2586A8D700C5031F /* Services */,
				7821499A2586994800CC8DE6 /* Supporting Files */,
			);
			path = "Black Star Wear";
			sourceTree = "<group>";
		};
		7821499A2586994800CC8DE6 /* Supporting Files */ = {
			isa = PBXGroup;
			children = (
				78214981258684ED00CC8DE6 /* AppDelegate.swift */,
				7821498A258684EF00CC8DE6 /* Assets.xcassets */,
				7821498C258684EF00CC8DE6 /* LaunchScreen.storyboard */,
				7821498F258684EF00CC8DE6 /* Info.plist */,
			);
			path = "Supporting Files";
			sourceTree = "<group>";
		};
		7821499B2586995400CC8DE6 /* Extensions */ = {
			isa = PBXGroup;
			children = (
			);
			path = Extensions;
			sourceTree = "<group>";
		};
		7821499C2586995F00CC8DE6 /* Modules */ = {
			isa = PBXGroup;
			children = (
				7821499F25869CE800CC8DE6 /* Categories */,
			);
			path = Modules;
			sourceTree = "<group>";
		};
		7821499F25869CE800CC8DE6 /* Categories */ = {
			isa = PBXGroup;
			children = (
				782149AF25869E6E00CC8DE6 /* Model */,
				782149AE25869E6B00CC8DE6 /* View */,
				782149AD25869E6400CC8DE6 /* Presenter */,
				782149AC25869E5B00CC8DE6 /* Router */,
				782149AB25869E3D00CC8DE6 /* Configurator */,
			);
			path = Categories;
			sourceTree = "<group>";
		};
		782149AB25869E3D00CC8DE6 /* Configurator */ = {
			isa = PBXGroup;
			children = (
				782149A325869E2D00CC8DE6 /* CategoriesConfigurator.swift */,
			);
			path = Configurator;
			sourceTree = "<group>";
		};
		782149AC25869E5B00CC8DE6 /* Router */ = {
			isa = PBXGroup;
			children = (
				782149A125869E2D00CC8DE6 /* CategoriesRouter.swift */,
			);
			path = Router;
			sourceTree = "<group>";
		};
		782149AD25869E6400CC8DE6 /* Presenter */ = {
			isa = PBXGroup;
			children = (
				782149A025869E2D00CC8DE6 /* CategoriesPresenter.swift */,
			);
			path = Presenter;
			sourceTree = "<group>";
		};
		782149AE25869E6B00CC8DE6 /* View */ = {
			isa = PBXGroup;
			children = (
				782149A225869E2D00CC8DE6 /* CategoriesViewController.swift */,
				782149B025869E9700CC8DE6 /* Categories.storyboard */,
			);
			path = View;
			sourceTree = "<group>";
		};
		782149AF25869E6E00CC8DE6 /* Model */ = {
			isa = PBXGroup;
			children = (
				782149A425869E2D00CC8DE6 /* Categories.swift */,
			);
			path = Model;
			sourceTree = "<group>";
		};
		786B755A2586A8D700C5031F /* Services */ = {
			isa = PBXGroup;
			children = (
				786B755B2586A8FC00C5031F /* DataProvider.swift */,
			);
			path = Services;
			sourceTree = "<group>";
		};
		B4B07C472242E5D2C7776D8E /* Frameworks */ = {
			isa = PBXGroup;
			children = (
				6798E8D48639C5802225F97B /* Pods_Black_Star_Wear.framework */,
			);
			name = Frameworks;
			sourceTree = "<group>";
		};
/* End PBXGroup section */

/* Begin PBXNativeTarget section */
		7821497D258684EC00CC8DE6 /* Black Star Wear */ = {
			isa = PBXNativeTarget;
			buildConfigurationList = 78214992258684EF00CC8DE6 /* Build configuration list for PBXNativeTarget "Black Star Wear" */;
			buildPhases = (
				2B2646C0EBC0E61010B51C4A /* [CP] Check Pods Manifest.lock */,
				7821497A258684EC00CC8DE6 /* Sources */,
				7821497B258684EC00CC8DE6 /* Frameworks */,
				7821497C258684EC00CC8DE6 /* Resources */,
				70B4A8FCF1EBD8022771086D /* [CP] Embed Pods Frameworks */,
			);
			buildRules = (
			);
			dependencies = (
			);
			name = "Black Star Wear";
			productName = "Black Star Wear";
			productReference = 7821497E258684ED00CC8DE6 /* Black Star Wear.app */;
			productType = "com.apple.product-type.application";
		};
/* End PBXNativeTarget section */

/* Begin PBXProject section */
		78214976258684EC00CC8DE6 /* Project object */ = {
			isa = PBXProject;
			attributes = {
				LastSwiftUpdateCheck = 1220;
				LastUpgradeCheck = 1220;
				TargetAttributes = {
					7821497D258684EC00CC8DE6 = {
						CreatedOnToolsVersion = 12.2;
					};
				};
			};
			buildConfigurationList = 78214979258684EC00CC8DE6 /* Build configuration list for PBXProject "Black Star Wear" */;
			compatibilityVersion = "Xcode 9.3";
			developmentRegion = en;
			hasScannedForEncodings = 0;
			knownRegions = (
				en,
				Base,
			);
			mainGroup = 78214975258684EC00CC8DE6;
			productRefGroup = 7821497F258684ED00CC8DE6 /* Products */;
			projectDirPath = "";
			projectRoot = "";
			targets = (
				7821497D258684EC00CC8DE6 /* Black Star Wear */,
			);
		};
/* End PBXProject section */

/* Begin PBXResourcesBuildPhase section */
		7821497C258684EC00CC8DE6 /* Resources */ = {
			isa = PBXResourcesBuildPhase;
			buildActionMask = 2147483647;
			files = (
				7821498E258684EF00CC8DE6 /* LaunchScreen.storyboard in Resources */,
				782149B125869E9700CC8DE6 /* Categories.storyboard in Resources */,
				7821498B258684EF00CC8DE6 /* Assets.xcassets in Resources */,
			);
			runOnlyForDeploymentPostprocessing = 0;
		};
/* End PBXResourcesBuildPhase section */

/* Begin PBXShellScriptBuildPhase section */
		2B2646C0EBC0E61010B51C4A /* [CP] Check Pods Manifest.lock */ = {
			isa = PBXShellScriptBuildPhase;
			buildActionMask = 2147483647;
			files = (
			);
			inputFileListPaths = (
			);
			inputPaths = (
				"${PODS_PODFILE_DIR_PATH}/Podfile.lock",
				"${PODS_ROOT}/Manifest.lock",
			);
			name = "[CP] Check Pods Manifest.lock";
			outputFileListPaths = (
			);
			outputPaths = (
				"$(DERIVED_FILE_DIR)/Pods-Black Star Wear-checkManifestLockResult.txt",
			);
			runOnlyForDeploymentPostprocessing = 0;
			shellPath = /bin/sh;
			shellScript = "diff \"${PODS_PODFILE_DIR_PATH}/Podfile.lock\" \"${PODS_ROOT}/Manifest.lock\" > /dev/null\nif [ $? != 0 ] ; then\n    # print error to STDERR\n    echo \"error: The sandbox is not in sync with the Podfile.lock. Run 'pod install' or update your CocoaPods installation.\" >&2\n    exit 1\nfi\n# This output is used by Xcode 'outputs' to avoid re-running this script phase.\necho \"SUCCESS\" > \"${SCRIPT_OUTPUT_FILE_0}\"\n";
			showEnvVarsInLog = 0;
		};
		70B4A8FCF1EBD8022771086D /* [CP] Embed Pods Frameworks */ = {
			isa = PBXShellScriptBuildPhase;
			buildActionMask = 2147483647;
			files = (
			);
			inputFileListPaths = (
				"${PODS_ROOT}/Target Support Files/Pods-Black Star Wear/Pods-Black Star Wear-frameworks-${CONFIGURATION}-input-files.xcfilelist",
			);
			name = "[CP] Embed Pods Frameworks";
			outputFileListPaths = (
				"${PODS_ROOT}/Target Support Files/Pods-Black Star Wear/Pods-Black Star Wear-frameworks-${CONFIGURATION}-output-files.xcfilelist",
			);
			runOnlyForDeploymentPostprocessing = 0;
			shellPath = /bin/sh;
			shellScript = "\"${PODS_ROOT}/Target Support Files/Pods-Black Star Wear/Pods-Black Star Wear-frameworks.sh\"\n";
			showEnvVarsInLog = 0;
		};
/* End PBXShellScriptBuildPhase section */

/* Begin PBXSourcesBuildPhase section */
		7821497A258684EC00CC8DE6 /* Sources */ = {
			isa = PBXSourcesBuildPhase;
			buildActionMask = 2147483647;
			files = (
				782149A525869E2D00CC8DE6 /* CategoriesPresenter.swift in Sources */,
				78214982258684ED00CC8DE6 /* AppDelegate.swift in Sources */,
				782149A825869E2D00CC8DE6 /* CategoriesConfigurator.swift in Sources */,
				782149A725869E2D00CC8DE6 /* CategoriesViewController.swift in Sources */,
				782149A625869E2D00CC8DE6 /* CategoriesRouter.swift in Sources */,
				782149A925869E2D00CC8DE6 /* Categories.swift in Sources */,
				786B755C2586A8FC00C5031F /* DataProvider.swift in Sources */,
			);
			runOnlyForDeploymentPostprocessing = 0;
		};
/* End PBXSourcesBuildPhase section */

/* Begin PBXVariantGroup section */
		7821498C258684EF00CC8DE6 /* LaunchScreen.storyboard */ = {
			isa = PBXVariantGroup;
			children = (
				7821498D258684EF00CC8DE6 /* Base */,
			);
			name = LaunchScreen.storyboard;
			sourceTree = "<group>";
		};
/* End PBXVariantGroup section */

/* Begin XCBuildConfiguration section */
		78214990258684EF00CC8DE6 /* Debug */ = {
			isa = XCBuildConfiguration;
			buildSettings = {
				ALWAYS_SEARCH_USER_PATHS = NO;
				CLANG_ANALYZER_NONNULL = YES;
				CLANG_ANALYZER_NUMBER_OBJECT_CONVERSION = YES_AGGRESSIVE;
				CLANG_CXX_LANGUAGE_STANDARD = "gnu++14";
				CLANG_CXX_LIBRARY = "libc++";
				CLANG_ENABLE_MODULES = YES;
				CLANG_ENABLE_OBJC_ARC = YES;
				CLANG_ENABLE_OBJC_WEAK = YES;
				CLANG_WARN_BLOCK_CAPTURE_AUTORELEASING = YES;
				CLANG_WARN_BOOL_CONVERSION = YES;
				CLANG_WARN_COMMA = YES;
				CLANG_WARN_CONSTANT_CONVERSION = YES;
				CLANG_WARN_DEPRECATED_OBJC_IMPLEMENTATIONS = YES;
				CLANG_WARN_DIRECT_OBJC_ISA_USAGE = YES_ERROR;
				CLANG_WARN_DOCUMENTATION_COMMENTS = YES;
				CLANG_WARN_EMPTY_BODY = YES;
				CLANG_WARN_ENUM_CONVERSION = YES;
				CLANG_WARN_INFINITE_RECURSION = YES;
				CLANG_WARN_INT_CONVERSION = YES;
				CLANG_WARN_NON_LITERAL_NULL_CONVERSION = YES;
				CLANG_WARN_OBJC_IMPLICIT_RETAIN_SELF = YES;
				CLANG_WARN_OBJC_LITERAL_CONVERSION = YES;
				CLANG_WARN_OBJC_ROOT_CLASS = YES_ERROR;
				CLANG_WARN_QUOTED_INCLUDE_IN_FRAMEWORK_HEADER = YES;
				CLANG_WARN_RANGE_LOOP_ANALYSIS = YES;
				CLANG_WARN_STRICT_PROTOTYPES = YES;
				CLANG_WARN_SUSPICIOUS_MOVE = YES;
				CLANG_WARN_UNGUARDED_AVAILABILITY = YES_AGGRESSIVE;
				CLANG_WARN_UNREACHABLE_CODE = YES;
				CLANG_WARN__DUPLICATE_METHOD_MATCH = YES;
				COPY_PHASE_STRIP = NO;
				DEBUG_INFORMATION_FORMAT = dwarf;
				ENABLE_STRICT_OBJC_MSGSEND = YES;
				ENABLE_TESTABILITY = YES;
				GCC_C_LANGUAGE_STANDARD = gnu11;
				GCC_DYNAMIC_NO_PIC = NO;
				GCC_NO_COMMON_BLOCKS = YES;
				GCC_OPTIMIZATION_LEVEL = 0;
				GCC_PREPROCESSOR_DEFINITIONS = (
					"DEBUG=1",
					"$(inherited)",
				);
				GCC_WARN_64_TO_32_BIT_CONVERSION = YES;
				GCC_WARN_ABOUT_RETURN_TYPE = YES_ERROR;
				GCC_WARN_UNDECLARED_SELECTOR = YES;
				GCC_WARN_UNINITIALIZED_AUTOS = YES_AGGRESSIVE;
				GCC_WARN_UNUSED_FUNCTION = YES;
				GCC_WARN_UNUSED_VARIABLE = YES;
				IPHONEOS_DEPLOYMENT_TARGET = 14.2;
				MTL_ENABLE_DEBUG_INFO = INCLUDE_SOURCE;
				MTL_FAST_MATH = YES;
				ONLY_ACTIVE_ARCH = YES;
				SDKROOT = iphoneos;
				SWIFT_ACTIVE_COMPILATION_CONDITIONS = DEBUG;
				SWIFT_OPTIMIZATION_LEVEL = "-Onone";
			};
			name = Debug;
		};
		78214991258684EF00CC8DE6 /* Release */ = {
			isa = XCBuildConfiguration;
			buildSettings = {
				ALWAYS_SEARCH_USER_PATHS = NO;
				CLANG_ANALYZER_NONNULL = YES;
				CLANG_ANALYZER_NUMBER_OBJECT_CONVERSION = YES_AGGRESSIVE;
				CLANG_CXX_LANGUAGE_STANDARD = "gnu++14";
				CLANG_CXX_LIBRARY = "libc++";
				CLANG_ENABLE_MODULES = YES;
				CLANG_ENABLE_OBJC_ARC = YES;
				CLANG_ENABLE_OBJC_WEAK = YES;
				CLANG_WARN_BLOCK_CAPTURE_AUTORELEASING = YES;
				CLANG_WARN_BOOL_CONVERSION = YES;
				CLANG_WARN_COMMA = YES;
				CLANG_WARN_CONSTANT_CONVERSION = YES;
				CLANG_WARN_DEPRECATED_OBJC_IMPLEMENTATIONS = YES;
				CLANG_WARN_DIRECT_OBJC_ISA_USAGE = YES_ERROR;
				CLANG_WARN_DOCUMENTATION_COMMENTS = YES;
				CLANG_WARN_EMPTY_BODY = YES;
				CLANG_WARN_ENUM_CONVERSION = YES;
				CLANG_WARN_INFINITE_RECURSION = YES;
				CLANG_WARN_INT_CONVERSION = YES;
				CLANG_WARN_NON_LITERAL_NULL_CONVERSION = YES;
				CLANG_WARN_OBJC_IMPLICIT_RETAIN_SELF = YES;
				CLANG_WARN_OBJC_LITERAL_CONVERSION = YES;
				CLANG_WARN_OBJC_ROOT_CLASS = YES_ERROR;
				CLANG_WARN_QUOTED_INCLUDE_IN_FRAMEWORK_HEADER = YES;
				CLANG_WARN_RANGE_LOOP_ANALYSIS = YES;
				CLANG_WARN_STRICT_PROTOTYPES = YES;
				CLANG_WARN_SUSPICIOUS_MOVE = YES;
				CLANG_WARN_UNGUARDED_AVAILABILITY = YES_AGGRESSIVE;
				CLANG_WARN_UNREACHABLE_CODE = YES;
				CLANG_WARN__DUPLICATE_METHOD_MATCH = YES;
				COPY_PHASE_STRIP = NO;
				DEBUG_INFORMATION_FORMAT = "dwarf-with-dsym";
				ENABLE_NS_ASSERTIONS = NO;
				ENABLE_STRICT_OBJC_MSGSEND = YES;
				GCC_C_LANGUAGE_STANDARD = gnu11;
				GCC_NO_COMMON_BLOCKS = YES;
				GCC_WARN_64_TO_32_BIT_CONVERSION = YES;
				GCC_WARN_ABOUT_RETURN_TYPE = YES_ERROR;
				GCC_WARN_UNDECLARED_SELECTOR = YES;
				GCC_WARN_UNINITIALIZED_AUTOS = YES_AGGRESSIVE;
				GCC_WARN_UNUSED_FUNCTION = YES;
				GCC_WARN_UNUSED_VARIABLE = YES;
				IPHONEOS_DEPLOYMENT_TARGET = 14.2;
				MTL_ENABLE_DEBUG_INFO = NO;
				MTL_FAST_MATH = YES;
				SDKROOT = iphoneos;
				SWIFT_COMPILATION_MODE = wholemodule;
				SWIFT_OPTIMIZATION_LEVEL = "-O";
				VALIDATE_PRODUCT = YES;
			};
			name = Release;
		};
		78214993258684EF00CC8DE6 /* Debug */ = {
			isa = XCBuildConfiguration;
			baseConfigurationReference = 84BC63F168DA7516B05D08EB /* Pods-Black Star Wear.debug.xcconfig */;
			buildSettings = {
				ASSETCATALOG_COMPILER_APPICON_NAME = AppIcon;
				ASSETCATALOG_COMPILER_GLOBAL_ACCENT_COLOR_NAME = AccentColor;
				CODE_SIGN_STYLE = Automatic;
				DEVELOPMENT_TEAM = 5A2X6KMTCZ;
				INFOPLIST_FILE = "$(SRCROOT)/Black Star Wear/Supporting Files/Info.plist";
				IPHONEOS_DEPLOYMENT_TARGET = 12.0;
				LD_RUNPATH_SEARCH_PATHS = (
					"$(inherited)",
					"@executable_path/Frameworks",
				);
				PRODUCT_BUNDLE_IDENTIFIER = "ru.1nd3e.Black-Star-Wear";
				PRODUCT_NAME = "$(TARGET_NAME)";
				SWIFT_VERSION = 5.0;
				TARGETED_DEVICE_FAMILY = 1;
			};
			name = Debug;
		};
		78214994258684EF00CC8DE6 /* Release */ = {
			isa = XCBuildConfiguration;
			baseConfigurationReference = 6A0B9F2F3FF4B4BDF2F87E50 /* Pods-Black Star Wear.release.xcconfig */;
			buildSettings = {
				ASSETCATALOG_COMPILER_APPICON_NAME = AppIcon;
				ASSETCATALOG_COMPILER_GLOBAL_ACCENT_COLOR_NAME = AccentColor;
				CODE_SIGN_STYLE = Automatic;
				DEVELOPMENT_TEAM = 5A2X6KMTCZ;
				INFOPLIST_FILE = "$(SRCROOT)/Black Star Wear/Supporting Files/Info.plist";
				IPHONEOS_DEPLOYMENT_TARGET = 12.0;
				LD_RUNPATH_SEARCH_PATHS = (
					"$(inherited)",
					"@executable_path/Frameworks",
				);
				PRODUCT_BUNDLE_IDENTIFIER = "ru.1nd3e.Black-Star-Wear";
				PRODUCT_NAME = "$(TARGET_NAME)";
				SWIFT_VERSION = 5.0;
				TARGETED_DEVICE_FAMILY = 1;
			};
			name = Release;
		};
/* End XCBuildConfiguration section */

/* Begin XCConfigurationList section */
		78214979258684EC00CC8DE6 /* Build configuration list for PBXProject "Black Star Wear" */ = {
			isa = XCConfigurationList;
			buildConfigurations = (
				78214990258684EF00CC8DE6 /* Debug */,
				78214991258684EF00CC8DE6 /* Release */,
			);
			defaultConfigurationIsVisible = 0;
			defaultConfigurationName = Release;
		};
		78214992258684EF00CC8DE6 /* Build configuration list for PBXNativeTarget "Black Star Wear" */ = {
			isa = XCConfigurationList;
			buildConfigurations = (
				78214993258684EF00CC8DE6 /* Debug */,
				78214994258684EF00CC8DE6 /* Release */,
			);
			defaultConfigurationIsVisible = 0;
			defaultConfigurationName = Release;
		};
/* End XCConfigurationList section */
	};
	rootObject = 78214976258684EC00CC8DE6 /* Project object */;
}
